
Microsoft Visual Studio Solution File, Format Version 12.00
# Visual Studio Version 16
VisualStudioVersion = 16.0.29519.181
MinimumVisualStudioVersion = 10.0.40219.1
Project("{9A19103F-16F7-4668-BE54-9A1E7A4F7556}") = "FinderOuter", "FinderOuter\FinderOuter.csproj", "{5D4D8B5B-B186-46EA-AAA8-56DBFBBF0102}"
EndProject
Project("{FAE04EC0-301F-11D3-BF4B-00C04F79EFBC}") = "Tests", "Tests\Tests.csproj", "{CDF19237-9509-4FEB-9470-202F9864D8A6}"
EndProject
Global
	GlobalSection(SolutionConfigurationPlatforms) = preSolution
		Debug|Any CPU = Debug|Any CPU
		Release|Any CPU = Release|Any CPU
	EndGlobalSection
	GlobalSection(ProjectConfigurationPlatforms) = postSolution
		{5D4D8B5B-B186-46EA-AAA8-56DBFBBF0102}.Debug|Any CPU.ActiveCfg = Debug|Any CPU
		{5D4D8B5B-B186-46EA-AAA8-56DBFBBF0102}.Debug|Any CPU.Build.0 = Debug|Any CPU
		{5D4D8B5B-B186-46EA-AAA8-56DBFBBF0102}.Release|Any CPU.ActiveCfg = Release|Any CPU
		{5D4D8B5B-B186-46EA-AAA8-56DBFBBF0102}.Release|Any CPU.Build.0 = Release|Any CPU
		{CDF19237-9509-4FEB-9470-202F9864D8A6}.Debug|Any CPU.ActiveCfg = Debug|Any CPU
		{CDF19237-9509-4FEB-9470-202F9864D8A6}.Debug|Any CPU.Build.0 = Debug|Any CPU
		{CDF19237-9509-4FEB-9470-202F9864D8A6}.Release|Any CPU.ActiveCfg = Release|Any CPU
		{CDF19237-9509-4FEB-9470-202F9864D8A6}.Release|Any CPU.Build.0 = Release|Any CPU
	EndGlobalSection
	GlobalSection(SolutionProperties) = preSolution
		HideSolutionNode = FALSE
	EndGlobalSection
	GlobalSection(ExtensibilityGlobals) = postSolution
		SolutionGuid = {BDB15806-2924-42EB-A0EB-3EBAEDF71E43}
	EndGlobalSection
EndGlobal
